// !$*UTF8*$!
{
	archiveVersion = 1;
	classes = {
	};
	objectVersion = 46;
	objects = {

/* Begin PBXBuildFile section */
		F629F8151EE0A0210086AFAD /* CompleteTaskViewController.swift in Sources */ = {isa = PBXBuildFile; fileRef = F629F8141EE0A0210086AFAD /* CompleteTaskViewController.swift */; };
		F69276A21EDF25F2008E5993 /* AppDelegate.swift in Sources */ = {isa = PBXBuildFile; fileRef = F69276A11EDF25F2008E5993 /* AppDelegate.swift */; };
		F69276A41EDF25F2008E5993 /* TasksViewController.swift in Sources */ = {isa = PBXBuildFile; fileRef = F69276A31EDF25F2008E5993 /* TasksViewController.swift */; };
		F69276A71EDF25F2008E5993 /* Main.storyboard in Resources */ = {isa = PBXBuildFile; fileRef = F69276A51EDF25F2008E5993 /* Main.storyboard */; };
		F69276AA1EDF25F2008E5993 /* DoIt.xcdatamodeld in Sources */ = {isa = PBXBuildFile; fileRef = F69276A81EDF25F2008E5993 /* DoIt.xcdatamodeld */; };
		F69276AC1EDF25F2008E5993 /* Assets.xcassets in Resources */ = {isa = PBXBuildFile; fileRef = F69276AB1EDF25F2008E5993 /* Assets.xcassets */; };
		F69276AF1EDF25F2008E5993 /* LaunchScreen.storyboard in Resources */ = {isa = PBXBuildFile; fileRef = F69276AD1EDF25F2008E5993 /* LaunchScreen.storyboard */; };
		F69276B71EDF317B008E5993 /* Task.swift in Sources */ = {isa = PBXBuildFile; fileRef = F69276B61EDF317B008E5993 /* Task.swift */; };
		F69276B91EDF515D008E5993 /* CreateTaskViewController.swift in Sources */ = {isa = PBXBuildFile; fileRef = F69276B81EDF515D008E5993 /* CreateTaskViewController.swift */; };
/* End PBXBuildFile section */

/* Begin PBXFileReference section */
		F629F8141EE0A0210086AFAD /* CompleteTaskViewController.swift */ = {isa = PBXFileReference; fileEncoding = 4; lastKnownFileType = sourcecode.swift; path = CompleteTaskViewController.swift; sourceTree = "<group>"; };
		F692769E1EDF25F2008E5993 /* DoIt.app */ = {isa = PBXFileReference; explicitFileType = wrapper.application; includeInIndex = 0; path = DoIt.app; sourceTree = BUILT_PRODUCTS_DIR; };
		F69276A11EDF25F2008E5993 /* AppDelegate.swift */ = {isa = PBXFileReference; lastKnownFileType = sourcecode.swift; path = AppDelegate.swift; sourceTree = "<group>"; };
		F69276A31EDF25F2008E5993 /* TasksViewController.swift */ = {isa = PBXFileReference; lastKnownFileType = sourcecode.swift; path = TasksViewController.swift; sourceTree = "<group>"; };
		F69276A61EDF25F2008E5993 /* Base */ = {isa = PBXFileReference; lastKnownFileType = file.storyboard; name = Base; path = Base.lproj/Main.storyboard; sourceTree = "<group>"; };
		F69276A91EDF25F2008E5993 /* DoIt.xcdatamodel */ = {isa = PBXFileReference; lastKnownFileType = wrapper.xcdatamodel; path = DoIt.xcdatamodel; sourceTree = "<group>"; };
		F69276AB1EDF25F2008E5993 /* Assets.xcassets */ = {isa = PBXFileReference; lastKnownFileType = folder.assetcatalog; path = Assets.xcassets; sourceTree = "<group>"; };
		F69276AE1EDF25F2008E5993 /* Base */ = {isa = PBXFileReference; lastKnownFileType = file.storyboard; name = Base; path = Base.lproj/LaunchScreen.storyboard; sourceTree = "<group>"; };
		F69276B01EDF25F2008E5993 /* Info.plist */ = {isa = PBXFileReference; lastKnownFileType = text.plist.xml; path = Info.plist; sourceTree = "<group>"; };
		F69276B61EDF317B008E5993 /* Task.swift */ = {isa = PBXFileReference; fileEncoding = 4; lastKnownFileType = sourcecode.swift; path = Task.swift; sourceTree = "<group>"; };
		F69276B81EDF515D008E5993 /* CreateTaskViewController.swift */ = {isa = PBXFileReference; fileEncoding = 4; lastKnownFileType = sourcecode.swift; path = CreateTaskViewController.swift; sourceTree = "<group>"; };
/* End PBXFileReference section */

/* Begin PBXFrameworksBuildPhase section */
		F692769B1EDF25F2008E5993 /* Frameworks */ = {
			isa = PBXFrameworksBuildPhase;
			buildActionMask = 2147483647;
			files = (
			);
			runOnlyForDeploymentPostprocessing = 0;
		};
/* End PBXFrameworksBuildPhase section */

/* Begin PBXGroup section */
		F69276951EDF25F2008E5993 = {
			isa = PBXGroup;
			children = (
				F69276A01EDF25F2008E5993 /* DoIt */,
				F692769F1EDF25F2008E5993 /* Products */,
			);
			sourceTree = "<group>";
		};
		F692769F1EDF25F2008E5993 /* Products */ = {
			isa = PBXGroup;
			children = (
				F692769E1EDF25F2008E5993 /* DoIt.app */,
			);
			name = Products;
			sourceTree = "<group>";
		};
		F69276A01EDF25F2008E5993 /* DoIt */ = {
			isa = PBXGroup;
			children = (
				F69276A11EDF25F2008E5993 /* AppDelegate.swift */,
				F69276A31EDF25F2008E5993 /* TasksViewController.swift */,
				F629F8141EE0A0210086AFAD /* CompleteTaskViewController.swift */,
				F69276B81EDF515D008E5993 /* CreateTaskViewController.swift */,
				F69276B61EDF317B008E5993 /* Task.swift */,
				F69276A51EDF25F2008E5993 /* Main.storyboard */,
				F69276AB1EDF25F2008E5993 /* Assets.xcassets */,
				F69276AD1EDF25F2008E5993 /* LaunchScreen.storyboard */,
				F69276B01EDF25F2008E5993 /* Info.plist */,
				F69276A81EDF25F2008E5993 /* DoIt.xcdatamodeld */,
			);
			path = DoIt;
			sourceTree = "<group>";
		};
/* End PBXGroup section */

/* Begin PBXNativeTarget section */
		F692769D1EDF25F2008E5993 /* DoIt */ = {
			isa = PBXNativeTarget;
			buildConfigurationList = F69276B31EDF25F2008E5993 /* Build configuration list for PBXNativeTarget "DoIt" */;
			buildPhases = (
				F692769A1EDF25F2008E5993 /* Sources */,
				F692769B1EDF25F2008E5993 /* Frameworks */,
				F692769C1EDF25F2008E5993 /* Resources */,
			);
			buildRules = (
			);
			dependencies = (
			);
			name = DoIt;
			productName = DoIt;
			productReference = F692769E1EDF25F2008E5993 /* DoIt.app */;
			productType = "com.apple.product-type.application";
		};
/* End PBXNativeTarget section */

/* Begin PBXProject section */
		F69276961EDF25F2008E5993 /* Project object */ = {
			isa = PBXProject;
			attributes = {
				LastSwiftUpdateCheck = 0830;
				LastUpgradeCheck = 0830;
				ORGANIZATIONNAME = "Luis Lopez";
				TargetAttributes = {
					F692769D1EDF25F2008E5993 = {
						CreatedOnToolsVersion = 8.3.2;
						ProvisioningStyle = Automatic;
					};
				};
			};
			buildConfigurationList = F69276991EDF25F2008E5993 /* Build configuration list for PBXProject "DoIt" */;
			compatibilityVersion = "Xcode 3.2";
			developmentRegion = English;
			hasScannedForEncodings = 0;
			knownRegions = (
				en,
				Base,
			);
			mainGroup = F69276951EDF25F2008E5993;
			productRefGroup = F692769F1EDF25F2008E5993 /* Products */;
			projectDirPath = "";
			projectRoot = "";
			targets = (
				F692769D1EDF25F2008E5993 /* DoIt */,
			);
		};
/* End PBXProject section */

/* Begin PBXResourcesBuildPhase section */
		F692769C1EDF25F2008E5993 /* Resources */ = {
			isa = PBXResourcesBuildPhase;
			buildActionMask = 2147483647;
			files = (
				F69276AF1EDF25F2008E5993 /* LaunchScreen.storyboard in Resources */,
				F69276AC1EDF25F2008E5993 /* Assets.xcassets in Resources */,
				F69276A71EDF25F2008E5993 /* Main.storyboard in Resources */,
			);
			runOnlyForDeploymentPostprocessing = 0;
		};
/* End PBXResourcesBuildPhase section */

/* Begin PBXSourcesBuildPhase section */
		F692769A1EDF25F2008E5993 /* Sources */ = {
			isa = PBXSourcesBuildPhase;
			buildActionMask = 2147483647;
			files = (
				F69276B71EDF317B008E5993 /* Task.swift in Sources */,
				F69276AA1EDF25F2008E5993 /* DoIt.xcdatamodeld in Sources */,
				F629F8151EE0A0210086AFAD /* CompleteTaskViewController.swift in Sources */,
				F69276A41EDF25F2008E5993 /* TasksViewController.swift in Sources */,
				F69276A21EDF25F2008E5993 /* AppDelegate.swift in Sources */,
				F69276B91EDF515D008E5993 /* CreateTaskViewController.swift in Sources */,
			);
			runOnlyForDeploymentPostprocessing = 0;
		};
/* End PBXSourcesBuildPhase section */

/* Begin PBXVariantGroup section */
		F69276A51EDF25F2008E5993 /* Main.storyboard */ = {
			isa = PBXVariantGroup;
			children = (
				F69276A61EDF25F2008E5993 /* Base */,
			);
			name = Main.storyboard;
			sourceTree = "<group>";
		};
		F69276AD1EDF25F2008E5993 /* LaunchScreen.storyboard */ = {
			isa = PBXVariantGroup;
			children = (
				F69276AE1EDF25F2008E5993 /* Base */,
			);
			name = LaunchScreen.storyboard;
			sourceTree = "<group>";
		};
/* End PBXVariantGroup section */

/* Begin XCBuildConfiguration section */
		F69276B11EDF25F2008E5993 /* Debug */ = {
			isa = XCBuildConfiguration;
			buildSettings = {
				ALWAYS_SEARCH_USER_PATHS = NO;
				CLANG_ANALYZER_NONNULL = YES;
				CLANG_ANALYZER_NUMBER_OBJECT_CONVERSION = YES_AGGRESSIVE;
				CLANG_CXX_LANGUAGE_STANDARD = "gnu++0x";
				CLANG_CXX_LIBRARY = "libc++";
				CLANG_ENABLE_MODULES = YES;
				CLANG_ENABLE_OBJC_ARC = YES;
				CLANG_WARN_BOOL_CONVERSION = YES;
				CLANG_WARN_CONSTANT_CONVERSION = YES;
				CLANG_WARN_DIRECT_OBJC_ISA_USAGE = YES_ERROR;
				CLANG_WARN_DOCUMENTATION_COMMENTS = YES;
				CLANG_WARN_EMPTY_BODY = YES;
				CLANG_WARN_ENUM_CONVERSION = YES;
				CLANG_WARN_INFINITE_RECURSION = YES;
				CLANG_WARN_INT_CONVERSION = YES;
				CLANG_WARN_OBJC_ROOT_CLASS = YES_ERROR;
				CLANG_WARN_SUSPICIOUS_MOVE = YES;
				CLANG_WARN_UNREACHABLE_CODE = YES;
				CLANG_WARN__DUPLICATE_METHOD_MATCH = YES;
				"CODE_SIGN_IDENTITY[sdk=iphoneos*]" = "iPhone Developer";
				COPY_PHASE_STRIP = NO;
				DEBUG_INFORMATION_FORMAT = dwarf;
				ENABLE_STRICT_OBJC_MSGSEND = YES;
				ENABLE_TESTABILITY = YES;
				GCC_C_LANGUAGE_STANDARD = gnu99;
				GCC_DYNAMIC_NO_PIC = NO;
				GCC_NO_COMMON_BLOCKS = YES;
				GCC_OPTIMIZATION_LEVEL = 0;
				GCC_PREPROCESSOR_DEFINITIONS = (
					"DEBUG=1",
					"$(inherited)",
				);
				GCC_WARN_64_TO_32_BIT_CONVERSION = YES;
				GCC_WARN_ABOUT_RETURN_TYPE = YES_ERROR;
				GCC_WARN_UNDECLARED_SELECTOR = YES;
				GCC_WARN_UNINITIALIZED_AUTOS = YES_AGGRESSIVE;
				GCC_WARN_UNUSED_FUNCTION = YES;
				GCC_WARN_UNUSED_VARIABLE = YES;
				IPHONEOS_DEPLOYMENT_TARGET = 10.3;
				MTL_ENABLE_DEBUG_INFO = YES;
				ONLY_ACTIVE_ARCH = YES;
				SDKROOT = iphoneos;
				SWIFT_ACTIVE_COMPILATION_CONDITIONS = DEBUG;
				SWIFT_OPTIMIZATION_LEVEL = "-Onone";
				TARGETED_DEVICE_FAMILY = "1,2";
			};
			name = Debug;
		};
		F69276B21EDF25F2008E5993 /* Release */ = {
			isa = XCBuildConfiguration;
			buildSettings = {
				ALWAYS_SEARCH_USER_PATHS = NO;
				CLANG_ANALYZER_NONNULL = YES;
				CLANG_ANALYZER_NUMBER_OBJECT_CONVERSION = YES_AGGRESSIVE;
				CLANG_CXX_LANGUAGE_STANDARD = "gnu++0x";
				CLANG_CXX_LIBRARY = "libc++";
				CLANG_ENABLE_MODULES = YES;
				CLANG_ENABLE_OBJC_ARC = YES;
				CLANG_WARN_BOOL_CONVERSION = YES;
				CLANG_WARN_CONSTANT_CONVERSION = YES;
				CLANG_WARN_DIRECT_OBJC_ISA_USAGE = YES_ERROR;
				CLANG_WARN_DOCUMENTATION_COMMENTS = YES;
				CLANG_WARN_EMPTY_BODY = YES;
				CLANG_WARN_ENUM_CONVERSION = YES;
				CLANG_WARN_INFINITE_RECURSION = YES;
				CLANG_WARN_INT_CONVERSION = YES;
				CLANG_WARN_OBJC_ROOT_CLASS = YES_ERROR;
				CLANG_WARN_SUSPICIOUS_MOVE = YES;
				CLANG_WARN_UNREACHABLE_CODE = YES;
				CLANG_WARN__DUPLICATE_METHOD_MATCH = YES;
				"CODE_SIGN_IDENTITY[sdk=iphoneos*]" = "iPhone Developer";
				COPY_PHASE_STRIP = NO;
				DEBUG_INFORMATION_FORMAT = "dwarf-with-dsym";
				ENABLE_NS_ASSERTIONS = NO;
				ENABLE_STRICT_OBJC_MSGSEND = YES;
				GCC_C_LANGUAGE_STANDARD = gnu99;
				GCC_NO_COMMON_BLOCKS = YES;
				GCC_WARN_64_TO_32_BIT_CONVERSION = YES;
				GCC_WARN_ABOUT_RETURN_TYPE = YES_ERROR;
				GCC_WARN_UNDECLARED_SELECTOR = YES;
				GCC_WARN_UNINITIALIZED_AUTOS = YES_AGGRESSIVE;
				GCC_WARN_UNUSED_FUNCTION = YES;
				GCC_WARN_UNUSED_VARIABLE = YES;
				IPHONEOS_DEPLOYMENT_TARGET = 10.3;
				MTL_ENABLE_DEBUG_INFO = NO;
				SDKROOT = iphoneos;
				SWIFT_OPTIMIZATION_LEVEL = "-Owholemodule";
				TARGETED_DEVICE_FAMILY = "1,2";
				VALIDATE_PRODUCT = YES;
			};
			name = Release;
		};
		F69276B41EDF25F2008E5993 /* Debug */ = {
			isa = XCBuildConfiguration;
			buildSettings = {
				ASSETCATALOG_COMPILER_APPICON_NAME = AppIcon;
				INFOPLIST_FILE = DoIt/Info.plist;
				LD_RUNPATH_SEARCH_PATHS = "$(inherited) @executable_path/Frameworks";
				PRODUCT_BUNDLE_IDENTIFIER = None.DoIt;
				PRODUCT_NAME = "$(TARGET_NAME)";
				SWIFT_VERSION = 3.0;
			};
			name = Debug;
		};
		F69276B51EDF25F2008E5993 /* Release */ = {
			isa = XCBuildConfiguration;
			buildSettings = {
				ASSETCATALOG_COMPILER_APPICON_NAME = AppIcon;
				INFOPLIST_FILE = DoIt/Info.plist;
				LD_RUNPATH_SEARCH_PATHS = "$(inherited) @executable_path/Frameworks";
				PRODUCT_BUNDLE_IDENTIFIER = None.DoIt;
				PRODUCT_NAME = "$(TARGET_NAME)";
				SWIFT_VERSION = 3.0;
			};
			name = Release;
		};
/* End XCBuildConfiguration section */

/* Begin XCConfigurationList section */
		F69276991EDF25F2008E5993 /* Build configuration list for PBXProject "DoIt" */ = {
			isa = XCConfigurationList;
			buildConfigurations = (
				F69276B11EDF25F2008E5993 /* Debug */,
				F69276B21EDF25F2008E5993 /* Release */,
			);
			defaultConfigurationIsVisible = 0;
			defaultConfigurationName = Release;
		};
		F69276B31EDF25F2008E5993 /* Build configuration list for PBXNativeTarget "DoIt" */ = {
			isa = XCConfigurationList;
			buildConfigurations = (
				F69276B41EDF25F2008E5993 /* Debug */,
				F69276B51EDF25F2008E5993 /* Release */,
			);
			defaultConfigurationIsVisible = 0;
			defaultConfigurationName = Release;
		};
/* End XCConfigurationList section */

/* Begin XCVersionGroup section */
		F69276A81EDF25F2008E5993 /* DoIt.xcdatamodeld */ = {
			isa = XCVersionGroup;
			children = (
				F69276A91EDF25F2008E5993 /* DoIt.xcdatamodel */,
			);
			currentVersion = F69276A91EDF25F2008E5993 /* DoIt.xcdatamodel */;
			path = DoIt.xcdatamodeld;
			sourceTree = "<group>";
			versionGroupType = wrapper.xcdatamodel;
		};
/* End XCVersionGroup section */
	};
	rootObject = F69276961EDF25F2008E5993 /* Project object */;
}
